// !$*UTF8*$!
{
	archiveVersion = 1;
	classes = {
	};
	objectVersion = 55;
	objects = {

/* Begin PBXBuildFile section */
		B10542B828804EFA0071FF93 /* SystemIcon.swift in Sources */ = {isa = PBXBuildFile; fileRef = B10542B728804EFA0071FF93 /* SystemIcon.swift */; };
		B10542BA288051D30071FF93 /* ImageIcon.swift in Sources */ = {isa = PBXBuildFile; fileRef = B10542B9288051D30071FF93 /* ImageIcon.swift */; };
		B135C7AC28A5242100566266 /* PickPointScreen.swift in Sources */ = {isa = PBXBuildFile; fileRef = B135C7AB28A5242100566266 /* PickPointScreen.swift */; };
		B135C7AF28A52F6A00566266 /* SearchPlaces.swift in Sources */ = {isa = PBXBuildFile; fileRef = B135C7AE28A52F6A00566266 /* SearchPlaces.swift */; };
		B135C7B128A5303400566266 /* LocationItemRepository.swift in Sources */ = {isa = PBXBuildFile; fileRef = B135C7B028A5303400566266 /* LocationItemRepository.swift */; };
		B135C7B328A530EF00566266 /* LocationItemRepositoryImpl.swift in Sources */ = {isa = PBXBuildFile; fileRef = B135C7B228A530EF00566266 /* LocationItemRepositoryImpl.swift */; };
		B135C7B528A5316100566266 /* LocationItemAPIImpl.swift in Sources */ = {isa = PBXBuildFile; fileRef = B135C7B428A5316100566266 /* LocationItemAPIImpl.swift */; };
		B135C7B728A5319500566266 /* LocationItemDataSource.swift in Sources */ = {isa = PBXBuildFile; fileRef = B135C7B628A5319400566266 /* LocationItemDataSource.swift */; };
		B135C7B928A541BA00566266 /* PickVehicleScreen.swift in Sources */ = {isa = PBXBuildFile; fileRef = B135C7B828A541BA00566266 /* PickVehicleScreen.swift */; };
		B135EEC72897477200448803 /* IsRequired.swift in Sources */ = {isa = PBXBuildFile; fileRef = B135EEC62897477200448803 /* IsRequired.swift */; };
		B135EEC9289747B700448803 /* IsName.swift in Sources */ = {isa = PBXBuildFile; fileRef = B135EEC8289747B700448803 /* IsName.swift */; };
		B135EECB289747CB00448803 /* IsStrongPassword.swift in Sources */ = {isa = PBXBuildFile; fileRef = B135EECA289747CB00448803 /* IsStrongPassword.swift */; };
		B135EECD2897480400448803 /* IsInteger.swift in Sources */ = {isa = PBXBuildFile; fileRef = B135EECC2897480400448803 /* IsInteger.swift */; };
		B135EECF2897481800448803 /* IsNumber.swift in Sources */ = {isa = PBXBuildFile; fileRef = B135EECE2897481800448803 /* IsNumber.swift */; };
		B135EED32897483D00448803 /* IsEmail.swift in Sources */ = {isa = PBXBuildFile; fileRef = B135EED22897483D00448803 /* IsEmail.swift */; };
		B135EED52897485100448803 /* IsDate.swift in Sources */ = {isa = PBXBuildFile; fileRef = B135EED42897485100448803 /* IsDate.swift */; };
		B135EED72897488800448803 /* MinLength.swift in Sources */ = {isa = PBXBuildFile; fileRef = B135EED62897488800448803 /* MinLength.swift */; };
		B135EED9289748AB00448803 /* MaxLength.swift in Sources */ = {isa = PBXBuildFile; fileRef = B135EED8289748AB00448803 /* MaxLength.swift */; };
		B135EEDB289748C200448803 /* MinValue.swift in Sources */ = {isa = PBXBuildFile; fileRef = B135EEDA289748C200448803 /* MinValue.swift */; };
		B135EEDD2897491500448803 /* MaxValue.swift in Sources */ = {isa = PBXBuildFile; fileRef = B135EEDC2897491500448803 /* MaxValue.swift */; };
		B135EEDF2897492600448803 /* ExactSize.swift in Sources */ = {isa = PBXBuildFile; fileRef = B135EEDE2897492600448803 /* ExactSize.swift */; };
		B13EE64E28941768001B53A0 /* RegisterScreen.swift in Sources */ = {isa = PBXBuildFile; fileRef = B13EE64D28941768001B53A0 /* RegisterScreen.swift */; };
		B13EE65028941792001B53A0 /* RegisterViewModel.swift in Sources */ = {isa = PBXBuildFile; fileRef = B13EE64F28941792001B53A0 /* RegisterViewModel.swift */; };
		B1480D2A28A038D800BE177A /* AuthModel.swift in Sources */ = {isa = PBXBuildFile; fileRef = B1480D2928A038D700BE177A /* AuthModel.swift */; };
		B14845E2289B2D0B0016242C /* LoginModel.swift in Sources */ = {isa = PBXBuildFile; fileRef = B14845E1289B2D0B0016242C /* LoginModel.swift */; };
		B14845E4289B365C0016242C /* IsEqualsTo.swift in Sources */ = {isa = PBXBuildFile; fileRef = B14845E3289B365C0016242C /* IsEqualsTo.swift */; };
		B14845E6289B395C0016242C /* Helpers.swift in Sources */ = {isa = PBXBuildFile; fileRef = B14845E5289B395C0016242C /* Helpers.swift */; };
		B1598BE22896999200600E91 /* CountryItemAPIEntity.swift in Sources */ = {isa = PBXBuildFile; fileRef = B1598BE12896999200600E91 /* CountryItemAPIEntity.swift */; };
		B1598BE428969A1A00600E91 /* CountryItemDataSource.swift in Sources */ = {isa = PBXBuildFile; fileRef = B1598BE328969A1A00600E91 /* CountryItemDataSource.swift */; };
		B1598BE628969AE500600E91 /* CountryItemAPIImpl.swift in Sources */ = {isa = PBXBuildFile; fileRef = B1598BE528969AE500600E91 /* CountryItemAPIImpl.swift */; };
		B1598BE828969DCC00600E91 /* APIServiceError.swift in Sources */ = {isa = PBXBuildFile; fileRef = B1598BE728969DCC00600E91 /* APIServiceError.swift */; };
		B1598BEA2896A06E00600E91 /* CountryItemRepository.swift in Sources */ = {isa = PBXBuildFile; fileRef = B1598BE92896A06E00600E91 /* CountryItemRepository.swift */; };
		B1598BEC2896A0E300600E91 /* CountryItemRepositoryImpl.swift in Sources */ = {isa = PBXBuildFile; fileRef = B1598BEB2896A0E300600E91 /* CountryItemRepositoryImpl.swift */; };
		B1598BEF2896A41B00600E91 /* GetCountries.swift in Sources */ = {isa = PBXBuildFile; fileRef = B1598BEE2896A41B00600E91 /* GetCountries.swift */; };
		B1598BF12896A48F00600E91 /* UseCaseError.swift in Sources */ = {isa = PBXBuildFile; fileRef = B1598BF02896A48F00600E91 /* UseCaseError.swift */; };
		B15C113928807D1D00A40DBA /* Checkbox.swift in Sources */ = {isa = PBXBuildFile; fileRef = B15C113828807D1D00A40DBA /* Checkbox.swift */; };
		B15C113B2880881F00A40DBA /* LoginScreen.swift in Sources */ = {isa = PBXBuildFile; fileRef = B15C113A2880881F00A40DBA /* LoginScreen.swift */; };
		B1645AFF28A47EFA00D9AF9A /* TabBar.swift in Sources */ = {isa = PBXBuildFile; fileRef = B1645AFE28A47EFA00D9AF9A /* TabBar.swift */; };
		B1645B0128A47F0A00D9AF9A /* TabBarModel.swift in Sources */ = {isa = PBXBuildFile; fileRef = B1645B0028A47F0A00D9AF9A /* TabBarModel.swift */; };
		B1645B0328A47F5B00D9AF9A /* TabBarPreferenceKey.swift in Sources */ = {isa = PBXBuildFile; fileRef = B1645B0228A47F5B00D9AF9A /* TabBarPreferenceKey.swift */; };
		B1645B0528A47FB500D9AF9A /* TabBarItem.swift in Sources */ = {isa = PBXBuildFile; fileRef = B1645B0428A47FB500D9AF9A /* TabBarItem.swift */; };
		B1645B0728A4869600D9AF9A /* TabBarView.swift in Sources */ = {isa = PBXBuildFile; fileRef = B1645B0628A4869600D9AF9A /* TabBarView.swift */; };
		B1645B0928A4AE4E00D9AF9A /* HomeViewModel.swift in Sources */ = {isa = PBXBuildFile; fileRef = B1645B0828A4AE4E00D9AF9A /* HomeViewModel.swift */; };
		B1645B0B28A4AEB000D9AF9A /* LocationItem.swift in Sources */ = {isa = PBXBuildFile; fileRef = B1645B0A28A4AEB000D9AF9A /* LocationItem.swift */; };
		B17B8222289CFF65004AA2E5 /* VerifyOtpScreen.swift in Sources */ = {isa = PBXBuildFile; fileRef = B17B8221289CFF65004AA2E5 /* VerifyOtpScreen.swift */; };
		B17B8224289CFF80004AA2E5 /* VerifyOtpViewModel.swift in Sources */ = {isa = PBXBuildFile; fileRef = B17B8223289CFF80004AA2E5 /* VerifyOtpViewModel.swift */; };
		B17C13302896F1A3003BDB85 /* SwiftFormValidator.swift in Sources */ = {isa = PBXBuildFile; fileRef = B17C132F2896F1A3003BDB85 /* SwiftFormValidator.swift */; };
		B17C13322896F220003BDB85 /* SwiftFormRule.swift in Sources */ = {isa = PBXBuildFile; fileRef = B17C13312896F220003BDB85 /* SwiftFormRule.swift */; };
		B17C13362896FDF6003BDB85 /* SwiftFormModel.swift in Sources */ = {isa = PBXBuildFile; fileRef = B17C13352896FDF6003BDB85 /* SwiftFormModel.swift */; };
		B17E0FBA28949D4A0038D42A /* HomeScreen.swift in Sources */ = {isa = PBXBuildFile; fileRef = B17E0FB928949D4A0038D42A /* HomeScreen.swift */; };
		B17E0FBC28949DD70038D42A /* MyBookingScreen.swift in Sources */ = {isa = PBXBuildFile; fileRef = B17E0FBB28949DD70038D42A /* MyBookingScreen.swift */; };
		B17E0FBF28949E7E0038D42A /* ProfileScreen.swift in Sources */ = {isa = PBXBuildFile; fileRef = B17E0FBE28949E7E0038D42A /* ProfileScreen.swift */; };
		B17E0FC128949EDF0038D42A /* Constants.swift in Sources */ = {isa = PBXBuildFile; fileRef = B17E0FC028949EDF0038D42A /* Constants.swift */; };
		B198D4AE28A6FC4F0092D2A5 /* ConfirmDetailsScreen.swift in Sources */ = {isa = PBXBuildFile; fileRef = B198D4AD28A6FC4F0092D2A5 /* ConfirmDetailsScreen.swift */; };
		B198D4B128A6FDBC0092D2A5 /* Heading.swift in Sources */ = {isa = PBXBuildFile; fileRef = B198D4B028A6FDBC0092D2A5 /* Heading.swift */; };
		B1A2EB232893C481006221CC /* countries.json in Resources */ = {isa = PBXBuildFile; fileRef = B1A2EB222893C481006221CC /* countries.json */; };
		B1A2EB252893C4AA006221CC /* CountryPickerViewModel.swift in Sources */ = {isa = PBXBuildFile; fileRef = B1A2EB242893C4AA006221CC /* CountryPickerViewModel.swift */; };
		B1A2EB272893C4C0006221CC /* CountryItem.swift in Sources */ = {isa = PBXBuildFile; fileRef = B1A2EB262893C4C0006221CC /* CountryItem.swift */; };
		B1ABFB4E289804270028AC41 /* RegisterModel.swift in Sources */ = {isa = PBXBuildFile; fileRef = B1ABFB4D289804270028AC41 /* RegisterModel.swift */; };
		B1BFB9CE289483A6002817EE /* SplashScreen.storyboard in Resources */ = {isa = PBXBuildFile; fileRef = B1BFB9CD289483A6002817EE /* SplashScreen.storyboard */; };
		B1C7E358288013B600A6FA17 /* CourrierAppApp.swift in Sources */ = {isa = PBXBuildFile; fileRef = B1C7E357288013B600A6FA17 /* CourrierAppApp.swift */; };
		B1C7E35A288013B600A6FA17 /* ContentView.swift in Sources */ = {isa = PBXBuildFile; fileRef = B1C7E359288013B600A6FA17 /* ContentView.swift */; };
		B1C7E35C288013BA00A6FA17 /* Assets.xcassets in Resources */ = {isa = PBXBuildFile; fileRef = B1C7E35B288013BA00A6FA17 /* Assets.xcassets */; };
		B1C7E35F288013BA00A6FA17 /* Preview Assets.xcassets in Resources */ = {isa = PBXBuildFile; fileRef = B1C7E35E288013BA00A6FA17 /* Preview Assets.xcassets */; };
		B1DD015A28801DFD004D875B /* ThemeColor.swift in Sources */ = {isa = PBXBuildFile; fileRef = B1DD015928801DFD004D875B /* ThemeColor.swift */; };
		B1DD01682880213C004D875B /* Montserrat-BoldItalic.ttf in Resources */ = {isa = PBXBuildFile; fileRef = B1DD015C2880213C004D875B /* Montserrat-BoldItalic.ttf */; };
		B1DD01692880213C004D875B /* Montserrat-Regular.ttf in Resources */ = {isa = PBXBuildFile; fileRef = B1DD015D2880213C004D875B /* Montserrat-Regular.ttf */; };
		B1DD016A2880213C004D875B /* Montserrat-SemiBold.ttf in Resources */ = {isa = PBXBuildFile; fileRef = B1DD015E2880213C004D875B /* Montserrat-SemiBold.ttf */; };
		B1DD016B2880213C004D875B /* Montserrat-SemiBoldItalic.ttf in Resources */ = {isa = PBXBuildFile; fileRef = B1DD015F2880213C004D875B /* Montserrat-SemiBoldItalic.ttf */; };
		B1DD016C2880213C004D875B /* Montserrat-Bold.ttf in Resources */ = {isa = PBXBuildFile; fileRef = B1DD01602880213C004D875B /* Montserrat-Bold.ttf */; };
		B1DD016D2880213C004D875B /* Montserrat-Light.ttf in Resources */ = {isa = PBXBuildFile; fileRef = B1DD01612880213C004D875B /* Montserrat-Light.ttf */; };
		B1DD016E2880213C004D875B /* Montserrat-ExtraBold.ttf in Resources */ = {isa = PBXBuildFile; fileRef = B1DD01622880213C004D875B /* Montserrat-ExtraBold.ttf */; };
		B1DD016F2880213C004D875B /* Montserrat-Medium.ttf in Resources */ = {isa = PBXBuildFile; fileRef = B1DD01632880213C004D875B /* Montserrat-Medium.ttf */; };
		B1DD01702880213C004D875B /* Montserrat-MediumItalic.ttf in Resources */ = {isa = PBXBuildFile; fileRef = B1DD01642880213C004D875B /* Montserrat-MediumItalic.ttf */; };
		B1DD01712880213C004D875B /* Montserrat-LightItalic.ttf in Resources */ = {isa = PBXBuildFile; fileRef = B1DD01652880213C004D875B /* Montserrat-LightItalic.ttf */; };
		B1DD01722880213C004D875B /* Montserrat-ExtraBoldItalic.ttf in Resources */ = {isa = PBXBuildFile; fileRef = B1DD01662880213C004D875B /* Montserrat-ExtraBoldItalic.ttf */; };
		B1DD01732880213C004D875B /* Montserrat-Italic.ttf in Resources */ = {isa = PBXBuildFile; fileRef = B1DD01672880213C004D875B /* Montserrat-Italic.ttf */; };
		B1DD017528802264004D875B /* ThemeFont.swift in Sources */ = {isa = PBXBuildFile; fileRef = B1DD017428802264004D875B /* ThemeFont.swift */; };
		B1DD017828802940004D875B /* FullWidth.swift in Sources */ = {isa = PBXBuildFile; fileRef = B1DD017728802940004D875B /* FullWidth.swift */; };
		B1EDAD8F28934DAC00DF3A8B /* LoginViewModel.swift in Sources */ = {isa = PBXBuildFile; fileRef = B1EDAD8E28934DAB00DF3A8B /* LoginViewModel.swift */; };
		B1F5F27C28A6AC4500A49B9A /* Vehicle.swift in Sources */ = {isa = PBXBuildFile; fileRef = B1F5F27B28A6AC4500A49B9A /* Vehicle.swift */; };
		B1F5F27E28A6B17200A49B9A /* PickGoodTypeScreen.swift in Sources */ = {isa = PBXBuildFile; fileRef = B1F5F27D28A6B17200A49B9A /* PickGoodTypeScreen.swift */; };
		B1F89543289D214D00B8CE6D /* OtpField.swift in Sources */ = {isa = PBXBuildFile; fileRef = B1F89542289D214D00B8CE6D /* OtpField.swift */; };
		B1FE27AD2891A5B7009D1734 /* CountryPicker.swift in Sources */ = {isa = PBXBuildFile; fileRef = B1FE27AC2891A5B7009D1734 /* CountryPicker.swift */; };
/* End PBXBuildFile section */

/* Begin PBXFileReference section */
		B10542B728804EFA0071FF93 /* SystemIcon.swift */ = {isa = PBXFileReference; lastKnownFileType = sourcecode.swift; path = SystemIcon.swift; sourceTree = "<group>"; };
		B10542B9288051D30071FF93 /* ImageIcon.swift */ = {isa = PBXFileReference; lastKnownFileType = sourcecode.swift; path = ImageIcon.swift; sourceTree = "<group>"; };
		B135C7AB28A5242100566266 /* PickPointScreen.swift */ = {isa = PBXFileReference; lastKnownFileType = sourcecode.swift; path = PickPointScreen.swift; sourceTree = "<group>"; };
		B135C7AE28A52F6A00566266 /* SearchPlaces.swift */ = {isa = PBXFileReference; lastKnownFileType = sourcecode.swift; path = SearchPlaces.swift; sourceTree = "<group>"; };
		B135C7B028A5303400566266 /* LocationItemRepository.swift */ = {isa = PBXFileReference; lastKnownFileType = sourcecode.swift; path = LocationItemRepository.swift; sourceTree = "<group>"; };
		B135C7B228A530EF00566266 /* LocationItemRepositoryImpl.swift */ = {isa = PBXFileReference; lastKnownFileType = sourcecode.swift; path = LocationItemRepositoryImpl.swift; sourceTree = "<group>"; };
		B135C7B428A5316100566266 /* LocationItemAPIImpl.swift */ = {isa = PBXFileReference; lastKnownFileType = sourcecode.swift; path = LocationItemAPIImpl.swift; sourceTree = "<group>"; };
		B135C7B628A5319400566266 /* LocationItemDataSource.swift */ = {isa = PBXFileReference; lastKnownFileType = sourcecode.swift; path = LocationItemDataSource.swift; sourceTree = "<group>"; };
		B135C7B828A541BA00566266 /* PickVehicleScreen.swift */ = {isa = PBXFileReference; lastKnownFileType = sourcecode.swift; path = PickVehicleScreen.swift; sourceTree = "<group>"; };
		B135EEC62897477200448803 /* IsRequired.swift */ = {isa = PBXFileReference; lastKnownFileType = sourcecode.swift; path = IsRequired.swift; sourceTree = "<group>"; };
		B135EEC8289747B700448803 /* IsName.swift */ = {isa = PBXFileReference; lastKnownFileType = sourcecode.swift; path = IsName.swift; sourceTree = "<group>"; };
		B135EECA289747CB00448803 /* IsStrongPassword.swift */ = {isa = PBXFileReference; lastKnownFileType = sourcecode.swift; path = IsStrongPassword.swift; sourceTree = "<group>"; };
		B135EECC2897480400448803 /* IsInteger.swift */ = {isa = PBXFileReference; lastKnownFileType = sourcecode.swift; path = IsInteger.swift; sourceTree = "<group>"; };
		B135EECE2897481800448803 /* IsNumber.swift */ = {isa = PBXFileReference; lastKnownFileType = sourcecode.swift; path = IsNumber.swift; sourceTree = "<group>"; };
		B135EED22897483D00448803 /* IsEmail.swift */ = {isa = PBXFileReference; lastKnownFileType = sourcecode.swift; path = IsEmail.swift; sourceTree = "<group>"; };
		B135EED42897485100448803 /* IsDate.swift */ = {isa = PBXFileReference; lastKnownFileType = sourcecode.swift; path = IsDate.swift; sourceTree = "<group>"; };
		B135EED62897488800448803 /* MinLength.swift */ = {isa = PBXFileReference; lastKnownFileType = sourcecode.swift; path = MinLength.swift; sourceTree = "<group>"; };
		B135EED8289748AB00448803 /* MaxLength.swift */ = {isa = PBXFileReference; lastKnownFileType = sourcecode.swift; path = MaxLength.swift; sourceTree = "<group>"; };
		B135EEDA289748C200448803 /* MinValue.swift */ = {isa = PBXFileReference; lastKnownFileType = sourcecode.swift; path = MinValue.swift; sourceTree = "<group>"; };
		B135EEDC2897491500448803 /* MaxValue.swift */ = {isa = PBXFileReference; lastKnownFileType = sourcecode.swift; path = MaxValue.swift; sourceTree = "<group>"; };
		B135EEDE2897492600448803 /* ExactSize.swift */ = {isa = PBXFileReference; lastKnownFileType = sourcecode.swift; path = ExactSize.swift; sourceTree = "<group>"; };
		B13EE64D28941768001B53A0 /* RegisterScreen.swift */ = {isa = PBXFileReference; lastKnownFileType = sourcecode.swift; path = RegisterScreen.swift; sourceTree = "<group>"; };
		B13EE64F28941792001B53A0 /* RegisterViewModel.swift */ = {isa = PBXFileReference; lastKnownFileType = sourcecode.swift; path = RegisterViewModel.swift; sourceTree = "<group>"; };
		B1480D2928A038D700BE177A /* AuthModel.swift */ = {isa = PBXFileReference; lastKnownFileType = sourcecode.swift; path = AuthModel.swift; sourceTree = "<group>"; };
		B14845E1289B2D0B0016242C /* LoginModel.swift */ = {isa = PBXFileReference; lastKnownFileType = sourcecode.swift; path = LoginModel.swift; sourceTree = "<group>"; };
		B14845E3289B365C0016242C /* IsEqualsTo.swift */ = {isa = PBXFileReference; lastKnownFileType = sourcecode.swift; path = IsEqualsTo.swift; sourceTree = "<group>"; };
		B14845E5289B395C0016242C /* Helpers.swift */ = {isa = PBXFileReference; lastKnownFileType = sourcecode.swift; path = Helpers.swift; sourceTree = "<group>"; };
		B1598BE12896999200600E91 /* CountryItemAPIEntity.swift */ = {isa = PBXFileReference; lastKnownFileType = sourcecode.swift; path = CountryItemAPIEntity.swift; sourceTree = "<group>"; };
		B1598BE328969A1A00600E91 /* CountryItemDataSource.swift */ = {isa = PBXFileReference; lastKnownFileType = sourcecode.swift; path = CountryItemDataSource.swift; sourceTree = "<group>"; };
		B1598BE528969AE500600E91 /* CountryItemAPIImpl.swift */ = {isa = PBXFileReference; lastKnownFileType = sourcecode.swift; path = CountryItemAPIImpl.swift; sourceTree = "<group>"; };
		B1598BE728969DCC00600E91 /* APIServiceError.swift */ = {isa = PBXFileReference; lastKnownFileType = sourcecode.swift; path = APIServiceError.swift; sourceTree = "<group>"; };
		B1598BE92896A06E00600E91 /* CountryItemRepository.swift */ = {isa = PBXFileReference; lastKnownFileType = sourcecode.swift; path = CountryItemRepository.swift; sourceTree = "<group>"; };
		B1598BEB2896A0E300600E91 /* CountryItemRepositoryImpl.swift */ = {isa = PBXFileReference; lastKnownFileType = sourcecode.swift; path = CountryItemRepositoryImpl.swift; sourceTree = "<group>"; };
		B1598BEE2896A41B00600E91 /* GetCountries.swift */ = {isa = PBXFileReference; lastKnownFileType = sourcecode.swift; path = GetCountries.swift; sourceTree = "<group>"; };
		B1598BF02896A48F00600E91 /* UseCaseError.swift */ = {isa = PBXFileReference; lastKnownFileType = sourcecode.swift; path = UseCaseError.swift; sourceTree = "<group>"; };
		B15C113828807D1D00A40DBA /* Checkbox.swift */ = {isa = PBXFileReference; lastKnownFileType = sourcecode.swift; path = Checkbox.swift; sourceTree = "<group>"; };
		B15C113A2880881F00A40DBA /* LoginScreen.swift */ = {isa = PBXFileReference; lastKnownFileType = sourcecode.swift; path = LoginScreen.swift; sourceTree = "<group>"; };
		B1645AFE28A47EFA00D9AF9A /* TabBar.swift */ = {isa = PBXFileReference; lastKnownFileType = sourcecode.swift; path = TabBar.swift; sourceTree = "<group>"; };
		B1645B0028A47F0A00D9AF9A /* TabBarModel.swift */ = {isa = PBXFileReference; lastKnownFileType = sourcecode.swift; path = TabBarModel.swift; sourceTree = "<group>"; };
		B1645B0228A47F5B00D9AF9A /* TabBarPreferenceKey.swift */ = {isa = PBXFileReference; lastKnownFileType = sourcecode.swift; path = TabBarPreferenceKey.swift; sourceTree = "<group>"; };
		B1645B0428A47FB500D9AF9A /* TabBarItem.swift */ = {isa = PBXFileReference; lastKnownFileType = sourcecode.swift; path = TabBarItem.swift; sourceTree = "<group>"; };
		B1645B0628A4869600D9AF9A /* TabBarView.swift */ = {isa = PBXFileReference; lastKnownFileType = sourcecode.swift; path = TabBarView.swift; sourceTree = "<group>"; };
		B1645B0828A4AE4E00D9AF9A /* HomeViewModel.swift */ = {isa = PBXFileReference; lastKnownFileType = sourcecode.swift; path = HomeViewModel.swift; sourceTree = "<group>"; };
		B1645B0A28A4AEB000D9AF9A /* LocationItem.swift */ = {isa = PBXFileReference; lastKnownFileType = sourcecode.swift; path = LocationItem.swift; sourceTree = "<group>"; };
		B17B8221289CFF65004AA2E5 /* VerifyOtpScreen.swift */ = {isa = PBXFileReference; lastKnownFileType = sourcecode.swift; path = VerifyOtpScreen.swift; sourceTree = "<group>"; };
		B17B8223289CFF80004AA2E5 /* VerifyOtpViewModel.swift */ = {isa = PBXFileReference; lastKnownFileType = sourcecode.swift; path = VerifyOtpViewModel.swift; sourceTree = "<group>"; };
		B17C132F2896F1A3003BDB85 /* SwiftFormValidator.swift */ = {isa = PBXFileReference; lastKnownFileType = sourcecode.swift; path = SwiftFormValidator.swift; sourceTree = "<group>"; };
		B17C13312896F220003BDB85 /* SwiftFormRule.swift */ = {isa = PBXFileReference; lastKnownFileType = sourcecode.swift; path = SwiftFormRule.swift; sourceTree = "<group>"; };
		B17C13352896FDF6003BDB85 /* SwiftFormModel.swift */ = {isa = PBXFileReference; lastKnownFileType = sourcecode.swift; path = SwiftFormModel.swift; sourceTree = "<group>"; };
		B17E0FB928949D4A0038D42A /* HomeScreen.swift */ = {isa = PBXFileReference; lastKnownFileType = sourcecode.swift; path = HomeScreen.swift; sourceTree = "<group>"; };
		B17E0FBB28949DD70038D42A /* MyBookingScreen.swift */ = {isa = PBXFileReference; lastKnownFileType = sourcecode.swift; path = MyBookingScreen.swift; sourceTree = "<group>"; };
		B17E0FBE28949E7E0038D42A /* ProfileScreen.swift */ = {isa = PBXFileReference; lastKnownFileType = sourcecode.swift; path = ProfileScreen.swift; sourceTree = "<group>"; };
		B17E0FC028949EDF0038D42A /* Constants.swift */ = {isa = PBXFileReference; lastKnownFileType = sourcecode.swift; path = Constants.swift; sourceTree = "<group>"; };
		B198D4AD28A6FC4F0092D2A5 /* ConfirmDetailsScreen.swift */ = {isa = PBXFileReference; lastKnownFileType = sourcecode.swift; path = ConfirmDetailsScreen.swift; sourceTree = "<group>"; };
		B198D4B028A6FDBC0092D2A5 /* Heading.swift */ = {isa = PBXFileReference; lastKnownFileType = sourcecode.swift; path = Heading.swift; sourceTree = "<group>"; };
		B1A2EB222893C481006221CC /* countries.json */ = {isa = PBXFileReference; fileEncoding = 4; lastKnownFileType = text.json; path = countries.json; sourceTree = "<group>"; };
		B1A2EB242893C4AA006221CC /* CountryPickerViewModel.swift */ = {isa = PBXFileReference; lastKnownFileType = sourcecode.swift; path = CountryPickerViewModel.swift; sourceTree = "<group>"; };
		B1A2EB262893C4C0006221CC /* CountryItem.swift */ = {isa = PBXFileReference; lastKnownFileType = sourcecode.swift; path = CountryItem.swift; sourceTree = "<group>"; };
		B1ABFB4D289804270028AC41 /* RegisterModel.swift */ = {isa = PBXFileReference; lastKnownFileType = sourcecode.swift; path = RegisterModel.swift; sourceTree = "<group>"; };
		B1BFB9CD289483A6002817EE /* SplashScreen.storyboard */ = {isa = PBXFileReference; lastKnownFileType = file.storyboard; path = SplashScreen.storyboard; sourceTree = "<group>"; };
		B1C7E354288013B600A6FA17 /* CourrierApp.app */ = {isa = PBXFileReference; explicitFileType = wrapper.application; includeInIndex = 0; path = CourrierApp.app; sourceTree = BUILT_PRODUCTS_DIR; };
		B1C7E357288013B600A6FA17 /* CourrierAppApp.swift */ = {isa = PBXFileReference; lastKnownFileType = sourcecode.swift; path = CourrierAppApp.swift; sourceTree = "<group>"; };
		B1C7E359288013B600A6FA17 /* ContentView.swift */ = {isa = PBXFileReference; lastKnownFileType = sourcecode.swift; path = ContentView.swift; sourceTree = "<group>"; };
		B1C7E35B288013BA00A6FA17 /* Assets.xcassets */ = {isa = PBXFileReference; lastKnownFileType = folder.assetcatalog; path = Assets.xcassets; sourceTree = "<group>"; };
		B1C7E35E288013BA00A6FA17 /* Preview Assets.xcassets */ = {isa = PBXFileReference; lastKnownFileType = folder.assetcatalog; path = "Preview Assets.xcassets"; sourceTree = "<group>"; };
		B1DD01572880192B004D875B /* Info.plist */ = {isa = PBXFileReference; lastKnownFileType = text.plist; path = Info.plist; sourceTree = "<group>"; };
		B1DD015928801DFD004D875B /* ThemeColor.swift */ = {isa = PBXFileReference; lastKnownFileType = sourcecode.swift; path = ThemeColor.swift; sourceTree = "<group>"; };
		B1DD015C2880213C004D875B /* Montserrat-BoldItalic.ttf */ = {isa = PBXFileReference; lastKnownFileType = file; path = "Montserrat-BoldItalic.ttf"; sourceTree = "<group>"; };
		B1DD015D2880213C004D875B /* Montserrat-Regular.ttf */ = {isa = PBXFileReference; lastKnownFileType = file; path = "Montserrat-Regular.ttf"; sourceTree = "<group>"; };
		B1DD015E2880213C004D875B /* Montserrat-SemiBold.ttf */ = {isa = PBXFileReference; lastKnownFileType = file; path = "Montserrat-SemiBold.ttf"; sourceTree = "<group>"; };
		B1DD015F2880213C004D875B /* Montserrat-SemiBoldItalic.ttf */ = {isa = PBXFileReference; lastKnownFileType = file; path = "Montserrat-SemiBoldItalic.ttf"; sourceTree = "<group>"; };
		B1DD01602880213C004D875B /* Montserrat-Bold.ttf */ = {isa = PBXFileReference; lastKnownFileType = file; path = "Montserrat-Bold.ttf"; sourceTree = "<group>"; };
		B1DD01612880213C004D875B /* Montserrat-Light.ttf */ = {isa = PBXFileReference; lastKnownFileType = file; path = "Montserrat-Light.ttf"; sourceTree = "<group>"; };
		B1DD01622880213C004D875B /* Montserrat-ExtraBold.ttf */ = {isa = PBXFileReference; lastKnownFileType = file; path = "Montserrat-ExtraBold.ttf"; sourceTree = "<group>"; };
		B1DD01632880213C004D875B /* Montserrat-Medium.ttf */ = {isa = PBXFileReference; lastKnownFileType = file; path = "Montserrat-Medium.ttf"; sourceTree = "<group>"; };
		B1DD01642880213C004D875B /* Montserrat-MediumItalic.ttf */ = {isa = PBXFileReference; lastKnownFileType = file; path = "Montserrat-MediumItalic.ttf"; sourceTree = "<group>"; };
		B1DD01652880213C004D875B /* Montserrat-LightItalic.ttf */ = {isa = PBXFileReference; lastKnownFileType = file; path = "Montserrat-LightItalic.ttf"; sourceTree = "<group>"; };
		B1DD01662880213C004D875B /* Montserrat-ExtraBoldItalic.ttf */ = {isa = PBXFileReference; lastKnownFileType = file; path = "Montserrat-ExtraBoldItalic.ttf"; sourceTree = "<group>"; };
		B1DD01672880213C004D875B /* Montserrat-Italic.ttf */ = {isa = PBXFileReference; lastKnownFileType = file; path = "Montserrat-Italic.ttf"; sourceTree = "<group>"; };
		B1DD017428802264004D875B /* ThemeFont.swift */ = {isa = PBXFileReference; lastKnownFileType = sourcecode.swift; path = ThemeFont.swift; sourceTree = "<group>"; };
		B1DD017728802940004D875B /* FullWidth.swift */ = {isa = PBXFileReference; lastKnownFileType = sourcecode.swift; path = FullWidth.swift; sourceTree = "<group>"; };
		B1EDAD8E28934DAB00DF3A8B /* LoginViewModel.swift */ = {isa = PBXFileReference; lastKnownFileType = sourcecode.swift; path = LoginViewModel.swift; sourceTree = "<group>"; };
		B1F5F27B28A6AC4500A49B9A /* Vehicle.swift */ = {isa = PBXFileReference; lastKnownFileType = sourcecode.swift; path = Vehicle.swift; sourceTree = "<group>"; };
		B1F5F27D28A6B17200A49B9A /* PickGoodTypeScreen.swift */ = {isa = PBXFileReference; lastKnownFileType = sourcecode.swift; path = PickGoodTypeScreen.swift; sourceTree = "<group>"; };
		B1F89542289D214D00B8CE6D /* OtpField.swift */ = {isa = PBXFileReference; lastKnownFileType = sourcecode.swift; path = OtpField.swift; sourceTree = "<group>"; };
		B1FE27AC2891A5B7009D1734 /* CountryPicker.swift */ = {isa = PBXFileReference; lastKnownFileType = sourcecode.swift; path = CountryPicker.swift; sourceTree = "<group>"; };
/* End PBXFileReference section */

/* Begin PBXFrameworksBuildPhase section */
		B1C7E351288013B600A6FA17 /* Frameworks */ = {
			isa = PBXFrameworksBuildPhase;
			buildActionMask = 2147483647;
			files = (
			);
			runOnlyForDeploymentPostprocessing = 0;
		};
/* End PBXFrameworksBuildPhase section */

/* Begin PBXGroup section */
		B135C7AD28A52F3500566266 /* HomeScreen */ = {
			isa = PBXGroup;
			children = (
				B135C7AE28A52F6A00566266 /* SearchPlaces.swift */,
			);
			path = HomeScreen;
			sourceTree = "<group>";
		};
		B135EEC52897466200448803 /* Rules */ = {
			isa = PBXGroup;
			children = (
				B135EEC62897477200448803 /* IsRequired.swift */,
				B135EEC8289747B700448803 /* IsName.swift */,
				B135EECA289747CB00448803 /* IsStrongPassword.swift */,
				B135EECC2897480400448803 /* IsInteger.swift */,
				B135EECE2897481800448803 /* IsNumber.swift */,
				B135EED22897483D00448803 /* IsEmail.swift */,
				B135EED42897485100448803 /* IsDate.swift */,
				B135EED62897488800448803 /* MinLength.swift */,
				B135EED8289748AB00448803 /* MaxLength.swift */,
				B135EEDA289748C200448803 /* MinValue.swift */,
				B135EEDC2897491500448803 /* MaxValue.swift */,
				B135EEDE2897492600448803 /* ExactSize.swift */,
				B14845E3289B365C0016242C /* IsEqualsTo.swift */,
			);
			path = Rules;
			sourceTree = "<group>";
		};
		B13EE64C2894174A001B53A0 /* Register */ = {
			isa = PBXGroup;
			children = (
				B13EE64D28941768001B53A0 /* RegisterScreen.swift */,
				B13EE64F28941792001B53A0 /* RegisterViewModel.swift */,
			);
			path = Register;
			sourceTree = "<group>";
		};
		B1598BD72896958300600E91 /* Core */ = {
			isa = PBXGroup;
			children = (
				B17C132D2896F155003BDB85 /* Services */,
				B1DD015B288020CB004D875B /* Fonts */,
				B1DD015828801DC1004D875B /* Configs */,
				B1DD017628802920004D875B /* Components */,
			);
			path = Core;
			sourceTree = "<group>";
		};
		B1598BD82896971000600E91 /* Data */ = {
			isa = PBXGroup;
			children = (
				B1598BDB2896975500600E91 /* DataSource */,
				B1598BDA2896974D00600E91 /* Repository */,
			);
			path = Data;
			sourceTree = "<group>";
		};
		B1598BD92896971C00600E91 /* Domain */ = {
			isa = PBXGroup;
			children = (
				B1598BDE2896982100600E91 /* UseCase */,
				B1598BDD2896981500600E91 /* Repository */,
				B1598BDC2896980900600E91 /* Model */,
			);
			path = Domain;
			sourceTree = "<group>";
		};
		B1598BDA2896974D00600E91 /* Repository */ = {
			isa = PBXGroup;
			children = (
				B1598BEB2896A0E300600E91 /* CountryItemRepositoryImpl.swift */,
				B135C7B228A530EF00566266 /* LocationItemRepositoryImpl.swift */,
			);
			path = Repository;
			sourceTree = "<group>";
		};
		B1598BDB2896975500600E91 /* DataSource */ = {
			isa = PBXGroup;
			children = (
				B1598BF22896AE6A00600E91 /* DB */,
				B1598BDF2896995D00600E91 /* API */,
				B1598BE328969A1A00600E91 /* CountryItemDataSource.swift */,
				B135C7B628A5319400566266 /* LocationItemDataSource.swift */,
			);
			path = DataSource;
			sourceTree = "<group>";
		};
		B1598BDC2896980900600E91 /* Model */ = {
			isa = PBXGroup;
			children = (
				B1A2EB262893C4C0006221CC /* CountryItem.swift */,
				B1ABFB4D289804270028AC41 /* RegisterModel.swift */,
				B14845E1289B2D0B0016242C /* LoginModel.swift */,
				B1480D2928A038D700BE177A /* AuthModel.swift */,
				B1645B0A28A4AEB000D9AF9A /* LocationItem.swift */,
				B1F5F27B28A6AC4500A49B9A /* Vehicle.swift */,
			);
			path = Model;
			sourceTree = "<group>";
		};
		B1598BDD2896981500600E91 /* Repository */ = {
			isa = PBXGroup;
			children = (
				B1598BE92896A06E00600E91 /* CountryItemRepository.swift */,
				B135C7B028A5303400566266 /* LocationItemRepository.swift */,
			);
			path = Repository;
			sourceTree = "<group>";
		};
		B1598BDE2896982100600E91 /* UseCase */ = {
			isa = PBXGroup;
			children = (
				B135C7AD28A52F3500566266 /* HomeScreen */,
				B1598BED2896A3EB00600E91 /* CountryPicker */,
			);
			path = UseCase;
			sourceTree = "<group>";
		};
		B1598BDF2896995D00600E91 /* API */ = {
			isa = PBXGroup;
			children = (
				B1598BF32896AE8B00600E91 /* Entity */,
				B135C7B428A5316100566266 /* LocationItemAPIImpl.swift */,
			);
			path = API;
			sourceTree = "<group>";
		};
		B1598BE02896996F00600E91 /* Entity */ = {
			isa = PBXGroup;
			children = (
				B1598BE12896999200600E91 /* CountryItemAPIEntity.swift */,
			);
			path = Entity;
			sourceTree = "<group>";
		};
		B1598BED2896A3EB00600E91 /* CountryPicker */ = {
			isa = PBXGroup;
			children = (
				B1598BEE2896A41B00600E91 /* GetCountries.swift */,
			);
			path = CountryPicker;
			sourceTree = "<group>";
		};
		B1598BF22896AE6A00600E91 /* DB */ = {
			isa = PBXGroup;
			children = (
				B1A2EB222893C481006221CC /* countries.json */,
				B1598BE528969AE500600E91 /* CountryItemAPIImpl.swift */,
				B1598BE02896996F00600E91 /* Entity */,
			);
			path = DB;
			sourceTree = "<group>";
		};
		B1598BF32896AE8B00600E91 /* Entity */ = {
			isa = PBXGroup;
			children = (
			);
			path = Entity;
			sourceTree = "<group>";
		};
		B1645AFD28A47ED200D9AF9A /* TabBar */ = {
			isa = PBXGroup;
			children = (
				B1645AFE28A47EFA00D9AF9A /* TabBar.swift */,
				B1645B0028A47F0A00D9AF9A /* TabBarModel.swift */,
				B1645B0228A47F5B00D9AF9A /* TabBarPreferenceKey.swift */,
				B1645B0428A47FB500D9AF9A /* TabBarItem.swift */,
				B1645B0628A4869600D9AF9A /* TabBarView.swift */,
			);
			path = TabBar;
			sourceTree = "<group>";
		};
		B17B8220289CFF2B004AA2E5 /* VerifyOtp */ = {
			isa = PBXGroup;
			children = (
				B17B8221289CFF65004AA2E5 /* VerifyOtpScreen.swift */,
				B17B8223289CFF80004AA2E5 /* VerifyOtpViewModel.swift */,
			);
			path = VerifyOtp;
			sourceTree = "<group>";
		};
		B17C132D2896F155003BDB85 /* Services */ = {
			isa = PBXGroup;
			children = (
				B17C132E2896F168003BDB85 /* SwiftForm */,
			);
			path = Services;
			sourceTree = "<group>";
		};
		B17C132E2896F168003BDB85 /* SwiftForm */ = {
			isa = PBXGroup;
			children = (
				B135EEC52897466200448803 /* Rules */,
				B17C132F2896F1A3003BDB85 /* SwiftFormValidator.swift */,
				B17C13312896F220003BDB85 /* SwiftFormRule.swift */,
				B17C13352896FDF6003BDB85 /* SwiftFormModel.swift */,
			);
			path = SwiftForm;
			sourceTree = "<group>";
		};
		B17E0FB328949C760038D42A /* Home */ = {
			isa = PBXGroup;
			children = (
				B198D4AC28A6FC350092D2A5 /* ConfirmDetailsScreen */,
				B17E0FB628949D010038D42A /* HomeScreen */,
			);
			path = Home;
			sourceTree = "<group>";
		};
		B17E0FB428949C7E0038D42A /* Bookings */ = {
			isa = PBXGroup;
			children = (
				B17E0FB728949D0D0038D42A /* MyBookingScreen */,
			);
			path = Bookings;
			sourceTree = "<group>";
		};
		B17E0FB528949C8F0038D42A /* Profile */ = {
			isa = PBXGroup;
			children = (
				B17E0FB828949D2C0038D42A /* ProfileScreen */,
			);
			path = Profile;
			sourceTree = "<group>";
		};
		B17E0FB628949D010038D42A /* HomeScreen */ = {
			isa = PBXGroup;
			children = (
				B17E0FB928949D4A0038D42A /* HomeScreen.swift */,
				B1645B0828A4AE4E00D9AF9A /* HomeViewModel.swift */,
				B135C7AB28A5242100566266 /* PickPointScreen.swift */,
				B135C7B828A541BA00566266 /* PickVehicleScreen.swift */,
				B1F5F27D28A6B17200A49B9A /* PickGoodTypeScreen.swift */,
			);
			path = HomeScreen;
			sourceTree = "<group>";
		};
		B17E0FB728949D0D0038D42A /* MyBookingScreen */ = {
			isa = PBXGroup;
			children = (
				B17E0FBB28949DD70038D42A /* MyBookingScreen.swift */,
			);
			path = MyBookingScreen;
			sourceTree = "<group>";
		};
		B17E0FB828949D2C0038D42A /* ProfileScreen */ = {
			isa = PBXGroup;
			children = (
				B17E0FBE28949E7E0038D42A /* ProfileScreen.swift */,
			);
			path = ProfileScreen;
			sourceTree = "<group>";
		};
		B198D4AC28A6FC350092D2A5 /* ConfirmDetailsScreen */ = {
			isa = PBXGroup;
			children = (
				B198D4AD28A6FC4F0092D2A5 /* ConfirmDetailsScreen.swift */,
			);
			path = ConfirmDetailsScreen;
			sourceTree = "<group>";
		};
		B198D4AF28A6FDAA0092D2A5 /* Heading */ = {
			isa = PBXGroup;
			children = (
				B198D4B028A6FDBC0092D2A5 /* Heading.swift */,
			);
			path = Heading;
			sourceTree = "<group>";
		};
		B1A2EB212893C3EF006221CC /* CountryPicker */ = {
			isa = PBXGroup;
			children = (
				B1FE27AC2891A5B7009D1734 /* CountryPicker.swift */,
				B1A2EB242893C4AA006221CC /* CountryPickerViewModel.swift */,
			);
			path = CountryPicker;
			sourceTree = "<group>";
		};
		B1C7E34B288013B600A6FA17 = {
			isa = PBXGroup;
			children = (
				B1C7E356288013B600A6FA17 /* CourrierApp */,
				B1C7E355288013B600A6FA17 /* Products */,
			);
			sourceTree = "<group>";
		};
		B1C7E355288013B600A6FA17 /* Products */ = {
			isa = PBXGroup;
			children = (
				B1C7E354288013B600A6FA17 /* CourrierApp.app */,
			);
			name = Products;
			sourceTree = "<group>";
		};
		B1C7E356288013B600A6FA17 /* CourrierApp */ = {
			isa = PBXGroup;
			children = (
				B1598BD72896958300600E91 /* Core */,
				B1598BD92896971C00600E91 /* Domain */,
				B1598BD82896971000600E91 /* Data */,
				B1C7E3652880151100A6FA17 /* Presentation */,
				B1C7E357288013B600A6FA17 /* CourrierAppApp.swift */,
				B1C7E359288013B600A6FA17 /* ContentView.swift */,
				B1C7E35D288013BA00A6FA17 /* Preview Content */,
				B1BFB9CD289483A6002817EE /* SplashScreen.storyboard */,
				B1C7E35B288013BA00A6FA17 /* Assets.xcassets */,
				B1DD01572880192B004D875B /* Info.plist */,
			);
			path = CourrierApp;
			sourceTree = "<group>";
		};
		B1C7E35D288013BA00A6FA17 /* Preview Content */ = {
			isa = PBXGroup;
			children = (
				B1C7E35E288013BA00A6FA17 /* Preview Assets.xcassets */,
			);
			path = "Preview Content";
			sourceTree = "<group>";
		};
		B1C7E3652880151100A6FA17 /* Presentation */ = {
			isa = PBXGroup;
			children = (
				B1F89540289D210300B8CE6D /* Components */,
				B17E0FB528949C8F0038D42A /* Profile */,
				B17E0FB428949C7E0038D42A /* Bookings */,
				B17E0FB328949C760038D42A /* Home */,
				B1C7E3662880153B00A6FA17 /* Auth */,
			);
			path = Presentation;
			sourceTree = "<group>";
		};
		B1C7E3662880153B00A6FA17 /* Auth */ = {
			isa = PBXGroup;
			children = (
				B17B8220289CFF2B004AA2E5 /* VerifyOtp */,
				B13EE64C2894174A001B53A0 /* Register */,
				B1C7E3672880154800A6FA17 /* Login */,
			);
			path = Auth;
			sourceTree = "<group>";
		};
		B1C7E3672880154800A6FA17 /* Login */ = {
			isa = PBXGroup;
			children = (
				B15C113A2880881F00A40DBA /* LoginScreen.swift */,
				B1EDAD8E28934DAB00DF3A8B /* LoginViewModel.swift */,
			);
			path = Login;
			sourceTree = "<group>";
		};
		B1DD015828801DC1004D875B /* Configs */ = {
			isa = PBXGroup;
			children = (
				B1DD015928801DFD004D875B /* ThemeColor.swift */,
				B1DD017428802264004D875B /* ThemeFont.swift */,
				B17E0FC028949EDF0038D42A /* Constants.swift */,
				B1598BE728969DCC00600E91 /* APIServiceError.swift */,
				B1598BF02896A48F00600E91 /* UseCaseError.swift */,
				B14845E5289B395C0016242C /* Helpers.swift */,
			);
			path = Configs;
			sourceTree = "<group>";
		};
		B1DD015B288020CB004D875B /* Fonts */ = {
			isa = PBXGroup;
			children = (
				B1DD01602880213C004D875B /* Montserrat-Bold.ttf */,
				B1DD015C2880213C004D875B /* Montserrat-BoldItalic.ttf */,
				B1DD01622880213C004D875B /* Montserrat-ExtraBold.ttf */,
				B1DD01662880213C004D875B /* Montserrat-ExtraBoldItalic.ttf */,
				B1DD01672880213C004D875B /* Montserrat-Italic.ttf */,
				B1DD01612880213C004D875B /* Montserrat-Light.ttf */,
				B1DD01652880213C004D875B /* Montserrat-LightItalic.ttf */,
				B1DD01632880213C004D875B /* Montserrat-Medium.ttf */,
				B1DD01642880213C004D875B /* Montserrat-MediumItalic.ttf */,
				B1DD015D2880213C004D875B /* Montserrat-Regular.ttf */,
				B1DD015E2880213C004D875B /* Montserrat-SemiBold.ttf */,
				B1DD015F2880213C004D875B /* Montserrat-SemiBoldItalic.ttf */,
			);
			path = Fonts;
			sourceTree = "<group>";
		};
		B1DD017628802920004D875B /* Components */ = {
			isa = PBXGroup;
			children = (
				B1DD017728802940004D875B /* FullWidth.swift */,
				B10542B728804EFA0071FF93 /* SystemIcon.swift */,
				B10542B9288051D30071FF93 /* ImageIcon.swift */,
				B15C113828807D1D00A40DBA /* Checkbox.swift */,
			);
			path = Components;
			sourceTree = "<group>";
		};
		B1F89540289D210300B8CE6D /* Components */ = {
			isa = PBXGroup;
			children = (
				B198D4AF28A6FDAA0092D2A5 /* Heading */,
				B1645AFD28A47ED200D9AF9A /* TabBar */,
				B1F89541289D211200B8CE6D /* OtpField */,
				B1A2EB212893C3EF006221CC /* CountryPicker */,
			);
			path = Components;
			sourceTree = "<group>";
		};
		B1F89541289D211200B8CE6D /* OtpField */ = {
			isa = PBXGroup;
			children = (
				B1F89542289D214D00B8CE6D /* OtpField.swift */,
			);
			path = OtpField;
			sourceTree = "<group>";
		};
/* End PBXGroup section */

/* Begin PBXNativeTarget section */
		B1C7E353288013B600A6FA17 /* CourrierApp */ = {
			isa = PBXNativeTarget;
			buildConfigurationList = B1C7E362288013BA00A6FA17 /* Build configuration list for PBXNativeTarget "CourrierApp" */;
			buildPhases = (
				B1C7E350288013B600A6FA17 /* Sources */,
				B1C7E351288013B600A6FA17 /* Frameworks */,
				B1C7E352288013B600A6FA17 /* Resources */,
			);
			buildRules = (
			);
			dependencies = (
			);
			name = CourrierApp;
			productName = CourrierApp;
			productReference = B1C7E354288013B600A6FA17 /* CourrierApp.app */;
			productType = "com.apple.product-type.application";
		};
/* End PBXNativeTarget section */

/* Begin PBXProject section */
		B1C7E34C288013B600A6FA17 /* Project object */ = {
			isa = PBXProject;
			attributes = {
				BuildIndependentTargetsInParallel = 1;
				LastSwiftUpdateCheck = 1340;
				LastUpgradeCheck = 1340;
				TargetAttributes = {
					B1C7E353288013B600A6FA17 = {
						CreatedOnToolsVersion = 13.4.1;
					};
				};
			};
			buildConfigurationList = B1C7E34F288013B600A6FA17 /* Build configuration list for PBXProject "CourrierApp" */;
			compatibilityVersion = "Xcode 13.0";
			developmentRegion = en;
			hasScannedForEncodings = 0;
			knownRegions = (
				en,
				Base,
			);
			mainGroup = B1C7E34B288013B600A6FA17;
			productRefGroup = B1C7E355288013B600A6FA17 /* Products */;
			projectDirPath = "";
			projectRoot = "";
			targets = (
				B1C7E353288013B600A6FA17 /* CourrierApp */,
			);
		};
/* End PBXProject section */

/* Begin PBXResourcesBuildPhase section */
		B1C7E352288013B600A6FA17 /* Resources */ = {
			isa = PBXResourcesBuildPhase;
			buildActionMask = 2147483647;
			files = (
				B1DD01702880213C004D875B /* Montserrat-MediumItalic.ttf in Resources */,
				B1DD016B2880213C004D875B /* Montserrat-SemiBoldItalic.ttf in Resources */,
				B1DD01692880213C004D875B /* Montserrat-Regular.ttf in Resources */,
				B1A2EB232893C481006221CC /* countries.json in Resources */,
				B1DD01682880213C004D875B /* Montserrat-BoldItalic.ttf in Resources */,
				B1C7E35F288013BA00A6FA17 /* Preview Assets.xcassets in Resources */,
				B1DD016D2880213C004D875B /* Montserrat-Light.ttf in Resources */,
				B1C7E35C288013BA00A6FA17 /* Assets.xcassets in Resources */,
				B1DD016F2880213C004D875B /* Montserrat-Medium.ttf in Resources */,
				B1BFB9CE289483A6002817EE /* SplashScreen.storyboard in Resources */,
				B1DD01712880213C004D875B /* Montserrat-LightItalic.ttf in Resources */,
				B1DD016A2880213C004D875B /* Montserrat-SemiBold.ttf in Resources */,
				B1DD016E2880213C004D875B /* Montserrat-ExtraBold.ttf in Resources */,
				B1DD016C2880213C004D875B /* Montserrat-Bold.ttf in Resources */,
				B1DD01722880213C004D875B /* Montserrat-ExtraBoldItalic.ttf in Resources */,
				B1DD01732880213C004D875B /* Montserrat-Italic.ttf in Resources */,
			);
			runOnlyForDeploymentPostprocessing = 0;
		};
/* End PBXResourcesBuildPhase section */

/* Begin PBXSourcesBuildPhase section */
		B1C7E350288013B600A6FA17 /* Sources */ = {
			isa = PBXSourcesBuildPhase;
			buildActionMask = 2147483647;
			files = (
				B15C113928807D1D00A40DBA /* Checkbox.swift in Sources */,
				B1598BEC2896A0E300600E91 /* CountryItemRepositoryImpl.swift in Sources */,
				B135EED32897483D00448803 /* IsEmail.swift in Sources */,
				B135C7AF28A52F6A00566266 /* SearchPlaces.swift in Sources */,
				B17C13362896FDF6003BDB85 /* SwiftFormModel.swift in Sources */,
				B13EE65028941792001B53A0 /* RegisterViewModel.swift in Sources */,
				B135EEC72897477200448803 /* IsRequired.swift in Sources */,
				B135EEDB289748C200448803 /* MinValue.swift in Sources */,
				B1598BE428969A1A00600E91 /* CountryItemDataSource.swift in Sources */,
				B10542BA288051D30071FF93 /* ImageIcon.swift in Sources */,
				B1645B0128A47F0A00D9AF9A /* TabBarModel.swift in Sources */,
				B17E0FBF28949E7E0038D42A /* ProfileScreen.swift in Sources */,
				B1EDAD8F28934DAC00DF3A8B /* LoginViewModel.swift in Sources */,
				B1F5F27C28A6AC4500A49B9A /* Vehicle.swift in Sources */,
				B135EEDD2897491500448803 /* MaxValue.swift in Sources */,
				B17C13322896F220003BDB85 /* SwiftFormRule.swift in Sources */,
				B135C7B328A530EF00566266 /* LocationItemRepositoryImpl.swift in Sources */,
				B135EED9289748AB00448803 /* MaxLength.swift in Sources */,
				B1645B0B28A4AEB000D9AF9A /* LocationItem.swift in Sources */,
				B15C113B2880881F00A40DBA /* LoginScreen.swift in Sources */,
				B198D4B128A6FDBC0092D2A5 /* Heading.swift in Sources */,
				B1DD017828802940004D875B /* FullWidth.swift in Sources */,
				B1598BEF2896A41B00600E91 /* GetCountries.swift in Sources */,
				B135EEC9289747B700448803 /* IsName.swift in Sources */,
				B1645B0328A47F5B00D9AF9A /* TabBarPreferenceKey.swift in Sources */,
				B135EED72897488800448803 /* MinLength.swift in Sources */,
				B135EECD2897480400448803 /* IsInteger.swift in Sources */,
				B135C7B928A541BA00566266 /* PickVehicleScreen.swift in Sources */,
				B1A2EB252893C4AA006221CC /* CountryPickerViewModel.swift in Sources */,
				B198D4AE28A6FC4F0092D2A5 /* ConfirmDetailsScreen.swift in Sources */,
				B1DD017528802264004D875B /* ThemeFont.swift in Sources */,
				B17B8222289CFF65004AA2E5 /* VerifyOtpScreen.swift in Sources */,
				B17B8224289CFF80004AA2E5 /* VerifyOtpViewModel.swift in Sources */,
				B1F89543289D214D00B8CE6D /* OtpField.swift in Sources */,
				B135EECF2897481800448803 /* IsNumber.swift in Sources */,
				B1C7E35A288013B600A6FA17 /* ContentView.swift in Sources */,
				B1598BE628969AE500600E91 /* CountryItemAPIImpl.swift in Sources */,
				B135C7B728A5319500566266 /* LocationItemDataSource.swift in Sources */,
				B14845E4289B365C0016242C /* IsEqualsTo.swift in Sources */,
				B1480D2A28A038D800BE177A /* AuthModel.swift in Sources */,
				B14845E2289B2D0B0016242C /* LoginModel.swift in Sources */,
				B14845E6289B395C0016242C /* Helpers.swift in Sources */,
				B135C7B128A5303400566266 /* LocationItemRepository.swift in Sources */,
				B1645B0728A4869600D9AF9A /* TabBarView.swift in Sources */,
				B1598BE828969DCC00600E91 /* APIServiceError.swift in Sources */,
				B135C7AC28A5242100566266 /* PickPointScreen.swift in Sources */,
				B1598BF12896A48F00600E91 /* UseCaseError.swift in Sources */,
				B1645AFF28A47EFA00D9AF9A /* TabBar.swift in Sources */,
				B1ABFB4E289804270028AC41 /* RegisterModel.swift in Sources */,
				B1FE27AD2891A5B7009D1734 /* CountryPicker.swift in Sources */,
				B1598BE22896999200600E91 /* CountryItemAPIEntity.swift in Sources */,
				B1F5F27E28A6B17200A49B9A /* PickGoodTypeScreen.swift in Sources */,
				B17E0FBC28949DD70038D42A /* MyBookingScreen.swift in Sources */,
				B1A2EB272893C4C0006221CC /* CountryItem.swift in Sources */,
				B135C7B528A5316100566266 /* LocationItemAPIImpl.swift in Sources */,
				B1598BEA2896A06E00600E91 /* CountryItemRepository.swift in Sources */,
				B17E0FBA28949D4A0038D42A /* HomeScreen.swift in Sources */,
				B17E0FC128949EDF0038D42A /* Constants.swift in Sources */,
				B17C13302896F1A3003BDB85 /* SwiftFormValidator.swift in Sources */,
				B135EED52897485100448803 /* IsDate.swift in Sources */,
				B135EECB289747CB00448803 /* IsStrongPassword.swift in Sources */,
				B1645B0528A47FB500D9AF9A /* TabBarItem.swift in Sources */,
				B13EE64E28941768001B53A0 /* RegisterScreen.swift in Sources */,
				B1645B0928A4AE4E00D9AF9A /* HomeViewModel.swift in Sources */,
				B1C7E358288013B600A6FA17 /* CourrierAppApp.swift in Sources */,
				B1DD015A28801DFD004D875B /* ThemeColor.swift in Sources */,
				B135EEDF2897492600448803 /* ExactSize.swift in Sources */,
				B10542B828804EFA0071FF93 /* SystemIcon.swift in Sources */,
			);
			runOnlyForDeploymentPostprocessing = 0;
		};
/* End PBXSourcesBuildPhase section */

/* Begin XCBuildConfiguration section */
		B1C7E360288013BA00A6FA17 /* Debug */ = {
			isa = XCBuildConfiguration;
			buildSettings = {
				ALWAYS_SEARCH_USER_PATHS = NO;
				CLANG_ANALYZER_NONNULL = YES;
				CLANG_ANALYZER_NUMBER_OBJECT_CONVERSION = YES_AGGRESSIVE;
				CLANG_CXX_LANGUAGE_STANDARD = "gnu++17";
				CLANG_ENABLE_MODULES = YES;
				CLANG_ENABLE_OBJC_ARC = YES;
				CLANG_ENABLE_OBJC_WEAK = YES;
				CLANG_WARN_BLOCK_CAPTURE_AUTORELEASING = YES;
				CLANG_WARN_BOOL_CONVERSION = YES;
				CLANG_WARN_COMMA = YES;
				CLANG_WARN_CONSTANT_CONVERSION = YES;
				CLANG_WARN_DEPRECATED_OBJC_IMPLEMENTATIONS = YES;
				CLANG_WARN_DIRECT_OBJC_ISA_USAGE = YES_ERROR;
				CLANG_WARN_DOCUMENTATION_COMMENTS = YES;
				CLANG_WARN_EMPTY_BODY = YES;
				CLANG_WARN_ENUM_CONVERSION = YES;
				CLANG_WARN_INFINITE_RECURSION = YES;
				CLANG_WARN_INT_CONVERSION = YES;
				CLANG_WARN_NON_LITERAL_NULL_CONVERSION = YES;
				CLANG_WARN_OBJC_IMPLICIT_RETAIN_SELF = YES;
				CLANG_WARN_OBJC_LITERAL_CONVERSION = YES;
				CLANG_WARN_OBJC_ROOT_CLASS = YES_ERROR;
				CLANG_WARN_QUOTED_INCLUDE_IN_FRAMEWORK_HEADER = YES;
				CLANG_WARN_RANGE_LOOP_ANALYSIS = YES;
				CLANG_WARN_STRICT_PROTOTYPES = YES;
				CLANG_WARN_SUSPICIOUS_MOVE = YES;
				CLANG_WARN_UNGUARDED_AVAILABILITY = YES_AGGRESSIVE;
				CLANG_WARN_UNREACHABLE_CODE = YES;
				CLANG_WARN__DUPLICATE_METHOD_MATCH = YES;
				COPY_PHASE_STRIP = NO;
				DEBUG_INFORMATION_FORMAT = dwarf;
				ENABLE_STRICT_OBJC_MSGSEND = YES;
				ENABLE_TESTABILITY = YES;
				GCC_C_LANGUAGE_STANDARD = gnu11;
				GCC_DYNAMIC_NO_PIC = NO;
				GCC_NO_COMMON_BLOCKS = YES;
				GCC_OPTIMIZATION_LEVEL = 0;
				GCC_PREPROCESSOR_DEFINITIONS = (
					"DEBUG=1",
					"$(inherited)",
				);
				GCC_WARN_64_TO_32_BIT_CONVERSION = YES;
				GCC_WARN_ABOUT_RETURN_TYPE = YES_ERROR;
				GCC_WARN_UNDECLARED_SELECTOR = YES;
				GCC_WARN_UNINITIALIZED_AUTOS = YES_AGGRESSIVE;
				GCC_WARN_UNUSED_FUNCTION = YES;
				GCC_WARN_UNUSED_VARIABLE = YES;
				IPHONEOS_DEPLOYMENT_TARGET = 15.5;
				MTL_ENABLE_DEBUG_INFO = INCLUDE_SOURCE;
				MTL_FAST_MATH = YES;
				ONLY_ACTIVE_ARCH = YES;
				SDKROOT = iphoneos;
				SWIFT_ACTIVE_COMPILATION_CONDITIONS = DEBUG;
				SWIFT_OPTIMIZATION_LEVEL = "-Onone";
			};
			name = Debug;
		};
		B1C7E361288013BA00A6FA17 /* Release */ = {
			isa = XCBuildConfiguration;
			buildSettings = {
				ALWAYS_SEARCH_USER_PATHS = NO;
				CLANG_ANALYZER_NONNULL = YES;
				CLANG_ANALYZER_NUMBER_OBJECT_CONVERSION = YES_AGGRESSIVE;
				CLANG_CXX_LANGUAGE_STANDARD = "gnu++17";
				CLANG_ENABLE_MODULES = YES;
				CLANG_ENABLE_OBJC_ARC = YES;
				CLANG_ENABLE_OBJC_WEAK = YES;
				CLANG_WARN_BLOCK_CAPTURE_AUTORELEASING = YES;
				CLANG_WARN_BOOL_CONVERSION = YES;
				CLANG_WARN_COMMA = YES;
				CLANG_WARN_CONSTANT_CONVERSION = YES;
				CLANG_WARN_DEPRECATED_OBJC_IMPLEMENTATIONS = YES;
				CLANG_WARN_DIRECT_OBJC_ISA_USAGE = YES_ERROR;
				CLANG_WARN_DOCUMENTATION_COMMENTS = YES;
				CLANG_WARN_EMPTY_BODY = YES;
				CLANG_WARN_ENUM_CONVERSION = YES;
				CLANG_WARN_INFINITE_RECURSION = YES;
				CLANG_WARN_INT_CONVERSION = YES;
				CLANG_WARN_NON_LITERAL_NULL_CONVERSION = YES;
				CLANG_WARN_OBJC_IMPLICIT_RETAIN_SELF = YES;
				CLANG_WARN_OBJC_LITERAL_CONVERSION = YES;
				CLANG_WARN_OBJC_ROOT_CLASS = YES_ERROR;
				CLANG_WARN_QUOTED_INCLUDE_IN_FRAMEWORK_HEADER = YES;
				CLANG_WARN_RANGE_LOOP_ANALYSIS = YES;
				CLANG_WARN_STRICT_PROTOTYPES = YES;
				CLANG_WARN_SUSPICIOUS_MOVE = YES;
				CLANG_WARN_UNGUARDED_AVAILABILITY = YES_AGGRESSIVE;
				CLANG_WARN_UNREACHABLE_CODE = YES;
				CLANG_WARN__DUPLICATE_METHOD_MATCH = YES;
				COPY_PHASE_STRIP = NO;
				DEBUG_INFORMATION_FORMAT = "dwarf-with-dsym";
				ENABLE_NS_ASSERTIONS = NO;
				ENABLE_STRICT_OBJC_MSGSEND = YES;
				GCC_C_LANGUAGE_STANDARD = gnu11;
				GCC_NO_COMMON_BLOCKS = YES;
				GCC_WARN_64_TO_32_BIT_CONVERSION = YES;
				GCC_WARN_ABOUT_RETURN_TYPE = YES_ERROR;
				GCC_WARN_UNDECLARED_SELECTOR = YES;
				GCC_WARN_UNINITIALIZED_AUTOS = YES_AGGRESSIVE;
				GCC_WARN_UNUSED_FUNCTION = YES;
				GCC_WARN_UNUSED_VARIABLE = YES;
				IPHONEOS_DEPLOYMENT_TARGET = 15.5;
				MTL_ENABLE_DEBUG_INFO = NO;
				MTL_FAST_MATH = YES;
				SDKROOT = iphoneos;
				SWIFT_COMPILATION_MODE = wholemodule;
				SWIFT_OPTIMIZATION_LEVEL = "-O";
				VALIDATE_PRODUCT = YES;
			};
			name = Release;
		};
		B1C7E363288013BA00A6FA17 /* Debug */ = {
			isa = XCBuildConfiguration;
			buildSettings = {
				ASSETCATALOG_COMPILER_APPICON_NAME = AppIcon;
				ASSETCATALOG_COMPILER_GLOBAL_ACCENT_COLOR_NAME = AccentColor;
				CODE_SIGN_STYLE = Automatic;
				CURRENT_PROJECT_VERSION = 1;
				DEVELOPMENT_ASSET_PATHS = "\"CourrierApp/Preview Content\"";
				DEVELOPMENT_TEAM = 22U79C2DSK;
				ENABLE_PREVIEWS = YES;
				GENERATE_INFOPLIST_FILE = YES;
				INFOPLIST_FILE = CourrierApp/Info.plist;
				INFOPLIST_KEY_UIApplicationSceneManifest_Generation = YES;
				INFOPLIST_KEY_UIApplicationSupportsIndirectInputEvents = YES;
				INFOPLIST_KEY_UILaunchStoryboardName = SplashScreen;
				INFOPLIST_KEY_UISupportedInterfaceOrientations_iPad = "UIInterfaceOrientationPortrait UIInterfaceOrientationPortraitUpsideDown UIInterfaceOrientationLandscapeLeft UIInterfaceOrientationLandscapeRight";
				INFOPLIST_KEY_UISupportedInterfaceOrientations_iPhone = "UIInterfaceOrientationPortrait UIInterfaceOrientationLandscapeLeft UIInterfaceOrientationLandscapeRight";
				IPHONEOS_DEPLOYMENT_TARGET = 15.0;
				LD_RUNPATH_SEARCH_PATHS = (
					"$(inherited)",
					"@executable_path/Frameworks",
				);
				MARKETING_VERSION = 1.0;
				PRODUCT_BUNDLE_IDENTIFIER = com.ezengold.CourrierApp;
				PRODUCT_NAME = "$(TARGET_NAME)";
				SWIFT_EMIT_LOC_STRINGS = YES;
				SWIFT_VERSION = 5.0;
				TARGETED_DEVICE_FAMILY = "1,2";
			};
			name = Debug;
		};
		B1C7E364288013BA00A6FA17 /* Release */ = {
			isa = XCBuildConfiguration;
			buildSettings = {
				ASSETCATALOG_COMPILER_APPICON_NAME = AppIcon;
				ASSETCATALOG_COMPILER_GLOBAL_ACCENT_COLOR_NAME = AccentColor;
				CODE_SIGN_STYLE = Automatic;
				CURRENT_PROJECT_VERSION = 1;
				DEVELOPMENT_ASSET_PATHS = "\"CourrierApp/Preview Content\"";
				DEVELOPMENT_TEAM = 22U79C2DSK;
				ENABLE_PREVIEWS = YES;
				GENERATE_INFOPLIST_FILE = YES;
				INFOPLIST_FILE = CourrierApp/Info.plist;
				INFOPLIST_KEY_UIApplicationSceneManifest_Generation = YES;
				INFOPLIST_KEY_UIApplicationSupportsIndirectInputEvents = YES;
				INFOPLIST_KEY_UILaunchStoryboardName = SplashScreen;
				INFOPLIST_KEY_UISupportedInterfaceOrientations_iPad = "UIInterfaceOrientationPortrait UIInterfaceOrientationPortraitUpsideDown UIInterfaceOrientationLandscapeLeft UIInterfaceOrientationLandscapeRight";
				INFOPLIST_KEY_UISupportedInterfaceOrientations_iPhone = "UIInterfaceOrientationPortrait UIInterfaceOrientationLandscapeLeft UIInterfaceOrientationLandscapeRight";
				IPHONEOS_DEPLOYMENT_TARGET = 15.0;
				LD_RUNPATH_SEARCH_PATHS = (
					"$(inherited)",
					"@executable_path/Frameworks",
				);
				MARKETING_VERSION = 1.0;
				PRODUCT_BUNDLE_IDENTIFIER = com.ezengold.CourrierApp;
				PRODUCT_NAME = "$(TARGET_NAME)";
				SWIFT_EMIT_LOC_STRINGS = YES;
				SWIFT_VERSION = 5.0;
				TARGETED_DEVICE_FAMILY = "1,2";
			};
			name = Release;
		};
/* End XCBuildConfiguration section */

/* Begin XCConfigurationList section */
		B1C7E34F288013B600A6FA17 /* Build configuration list for PBXProject "CourrierApp" */ = {
			isa = XCConfigurationList;
			buildConfigurations = (
				B1C7E360288013BA00A6FA17 /* Debug */,
				B1C7E361288013BA00A6FA17 /* Release */,
			);
			defaultConfigurationIsVisible = 0;
			defaultConfigurationName = Release;
		};
		B1C7E362288013BA00A6FA17 /* Build configuration list for PBXNativeTarget "CourrierApp" */ = {
			isa = XCConfigurationList;
			buildConfigurations = (
				B1C7E363288013BA00A6FA17 /* Debug */,
				B1C7E364288013BA00A6FA17 /* Release */,
			);
			defaultConfigurationIsVisible = 0;
			defaultConfigurationName = Release;
		};
/* End XCConfigurationList section */
	};
	rootObject = B1C7E34C288013B600A6FA17 /* Project object */;
}
